
Microsoft Visual Studio Solution File, Format Version 12.00
# Visual Studio Version 17
VisualStudioVersion = 17.9.34728.123
MinimumVisualStudioVersion = 10.0.40219.1
Project("{9A19103F-16F7-4668-BE54-9A1E7A4F7556}") = "InventorySimulator", "InventorySimulator.csproj", "{49DF9543-0B17-4035-87F0-F5BBDC960A7B}"
EndProject
Global
	GlobalSection(SolutionConfigurationPlatforms) = preSolution
		Debug|Any CPU = Debug|Any CPU
		Release|Any CPU = Release|Any CPU
	EndGlobalSection
	GlobalSection(ProjectConfigurationPlatforms) = postSolution
		{49DF9543-0B17-4035-87F0-F5BBDC960A7B}.Debug|Any CPU.ActiveCfg = Debug|Any CPU
		{49DF9543-0B17-4035-87F0-F5BBDC960A7B}.Debug|Any CPU.Build.0 = Debug|Any CPU
		{49DF9543-0B17-4035-87F0-F5BBDC960A7B}.Release|Any CPU.ActiveCfg = Release|Any CPU
		{49DF9543-0B17-4035-87F0-F5BBDC960A7B}.Release|Any CPU.Build.0 = Release|Any CPU
	EndGlobalSection
	GlobalSection(SolutionProperties) = preSolution
		HideSolutionNode = FALSE
	EndGlobalSection
	GlobalSection(ExtensibilityGlobals) = postSolution
		SolutionGuid = {2A8E82F0-44F1-4FD1-8FB7-FB2BB565FF45}
	EndGlobalSection
EndGlobal
