
Microsoft Visual Studio Solution File, Format Version 12.00
# Visual Studio Version 17
VisualStudioVersion = 17.9.34607.119
MinimumVisualStudioVersion = 10.0.40219.1
Project("{9A19103F-16F7-4668-BE54-9A1E7A4F7556}") = "InventorySimulator", "InventorySimulator.csproj", "{DAD7F203-1ABC-4A27-92A1-696CF47DC0E3}"
EndProject
Global
	GlobalSection(SolutionConfigurationPlatforms) = preSolution
		Debug|Any CPU = Debug|Any CPU
		Release|Any CPU = Release|Any CPU
	EndGlobalSection
	GlobalSection(ProjectConfigurationPlatforms) = postSolution
		{DAD7F203-1ABC-4A27-92A1-696CF47DC0E3}.Debug|Any CPU.ActiveCfg = Debug|Any CPU
		{DAD7F203-1ABC-4A27-92A1-696CF47DC0E3}.Debug|Any CPU.Build.0 = Debug|Any CPU
		{DAD7F203-1ABC-4A27-92A1-696CF47DC0E3}.Release|Any CPU.ActiveCfg = Release|Any CPU
		{DAD7F203-1ABC-4A27-92A1-696CF47DC0E3}.Release|Any CPU.Build.0 = Release|Any CPU
	EndGlobalSection
	GlobalSection(SolutionProperties) = preSolution
		HideSolutionNode = FALSE
	EndGlobalSection
	GlobalSection(ExtensibilityGlobals) = postSolution
		SolutionGuid = {3A46BE3F-E825-44B8-947A-8B3919D9A9EB}
	EndGlobalSection
EndGlobal
